dependencies:
  idf:
    source:
      type: idf
    version: 5.4.4
  morsemicro/halow:
    component_hash: a84e6831f1067d874ed55eb8a9e7bffb469539b706f1a7197fc4eb2cf8680c8a
    dependencies:
    - name: idf
      require: private
      version: '>=5.4.4,<6.0'
    source:
      registry_url: https://components.espressif.com/
      type: service
    version: 2.11.2-esp32-2
direct_dependencies:
- morsemicro/halow
manifest_hash: 9fd8e7a3e83d5bae91fe58d6b338b631c9e9be43742aee390c54528afdd99210
target: esp32s3
version: 2.0.0
